
Microsoft Visual Studio Solution File, Format Version 12.00
# Visual Studio Version 17
VisualStudioVersion = 17.7.34003.232
MinimumVisualStudioVersion = 10.0.40219.1
Project("{FAE04EC0-301F-11D3-BF4B-00C04F79EFBC}") = "PerAsperaEditor", "PerAsperaEditor\PerAsperaEditor.csproj", "{6CA1C15E-B542-4E4D-ADFE-FC8CE494AA98}"
EndProject
Project("{8BC9CEB8-8B4A-11D0-8D11-00A0C91BC942}") = "Engine", "Engine\Engine.vcxproj", "{D0D16C31-EA80-4BEC-8BB7-A6BA6716FF57}"
EndProject
Global
	GlobalSection(SolutionConfigurationPlatforms) = preSolution
		Debug|x64 = Debug|x64
		Release|x64 = Release|x64
	EndGlobalSection
	GlobalSection(ProjectConfigurationPlatforms) = postSolution
		{D0D16C31-EA80-4BEC-8BB7-A6BA6716FF57}.Debug|x64.ActiveCfg = Debug|x64
		{D0D16C31-EA80-4BEC-8BB7-A6BA6716FF57}.Debug|x64.Build.0 = Debug|x64
		{D0D16C31-EA80-4BEC-8BB7-A6BA6716FF57}.Release|x64.ActiveCfg = Release|x64
		{D0D16C31-EA80-4BEC-8BB7-A6BA6716FF57}.Release|x64.Build.0 = Release|x64
		{6CA1C15E-B542-4E4D-ADFE-FC8CE494AA98}.Debug|x64.ActiveCfg = Debug|Any CPU
		{6CA1C15E-B542-4E4D-ADFE-FC8CE494AA98}.Debug|x64.Build.0 = Debug|Any CPU
		{6CA1C15E-B542-4E4D-ADFE-FC8CE494AA98}.Release|x64.ActiveCfg = Release|Any CPU
		{6CA1C15E-B542-4E4D-ADFE-FC8CE494AA98}.Release|x64.Build.0 = Release|Any CPU
	EndGlobalSection
	GlobalSection(SolutionProperties) = preSolution
		HideSolutionNode = FALSE
	EndGlobalSection
	GlobalSection(ExtensibilityGlobals) = postSolution
		SolutionGuid = {6C9E5318-5A4D-4F5B-8C66-C5E6691DC517}
	EndGlobalSection
EndGlobal
